
Microsoft Visual Studio Solution File, Format Version 12.00
# Visual Studio 2013
VisualStudioVersion = 12.0.21005.1
MinimumVisualStudioVersion = 10.0.40219.1
Project("{FAE04EC0-301F-11D3-BF4B-00C04F79EFBC}") = "Cobra", "Cobra\Cobra.csproj", "{880BA5DB-B618-411C-AC2E-24DA36622AA7}"
EndProject
Project("{FAE04EC0-301F-11D3-BF4B-00C04F79EFBC}") = "CobraFoundation", "CobraFoundation\CobraFoundation.csproj", "{0C307E42-C253-447D-B7E1-CDE38992790C}"
EndProject
Project("{FAE04EC0-301F-11D3-BF4B-00C04F79EFBC}") = "CobraFrame", "CobraFrame\CobraFrame.csproj", "{DCD4246B-ACA7-4D61-8C16-B32963ECC635}"
EndProject
Project("{FAE04EC0-301F-11D3-BF4B-00C04F79EFBC}") = "CobraApplicationFrame", "CobraApplicationFrame\CobraApplicationFrame.csproj", "{130BAC21-2C8A-455C-8709-4E2060062115}"
EndProject
Project("{FAE04EC0-301F-11D3-BF4B-00C04F79EFBC}") = "CobraWebFrame", "CobraWebFrame\CobraWebFrame.csproj", "{9F0B1ECC-903C-4D3B-964D-C1B8AFFA1BEE}"
EndProject
Project("{FAE04EC0-301F-11D3-BF4B-00C04F79EFBC}") = "CobraWebControls", "CobraWebControls\CobraWebControls.csproj", "{A1B118E3-6C9B-4CE0-ACAC-3F489BA215D0}"
EndProject
Project("{FAE04EC0-301F-11D3-BF4B-00C04F79EFBC}") = "CobraStandardControls", "CobraStandardControls\CobraStandardControls.csproj", "{2CF4609F-5F5B-4027-832C-4FA3BE5B986D}"
EndProject
Project("{FAE04EC0-301F-11D3-BF4B-00C04F79EFBC}") = "CobraWidgetFrame", "CobraWidgetFrame\CobraWidgetFrame.csproj", "{70F3BE3A-1399-4421-920C-93DCE091226B}"
EndProject
Project("{FAE04EC0-301F-11D3-BF4B-00C04F79EFBC}") = "CobraResources", "CobraResources\CobraResources.csproj", "{55996836-871E-4C44-ABA5-F27B607693EB}"
EndProject
Project("{FAE04EC0-301F-11D3-BF4B-00C04F79EFBC}") = "CobraBusinessFrame", "CobraBusinessFrame\CobraBusinessFrame.csproj", "{EFA265EE-0C62-46B0-87B1-D024B9463004}"
EndProject
Project("{2150E333-8FDC-42A3-9474-1A3956D46DE8}") = "1_Front-End", "1_Front-End", "{0218FF61-D162-4F0F-9390-10F57A8A98D7}"
EndProject
Project("{2150E333-8FDC-42A3-9474-1A3956D46DE8}") = "3_Foundation", "3_Foundation", "{AD8F6056-D343-4C95-9222-A1E96121C805}"
EndProject
Project("{2150E333-8FDC-42A3-9474-1A3956D46DE8}") = "2_Implementation", "2_Implementation", "{47BEE94C-1686-479D-8455-812EB47F3AF9}"
EndProject
Global
	GlobalSection(SolutionConfigurationPlatforms) = preSolution
		Debug|Any CPU = Debug|Any CPU
		Release|Any CPU = Release|Any CPU
	EndGlobalSection
	GlobalSection(ProjectConfigurationPlatforms) = postSolution
		{880BA5DB-B618-411C-AC2E-24DA36622AA7}.Debug|Any CPU.ActiveCfg = Debug|Any CPU
		{880BA5DB-B618-411C-AC2E-24DA36622AA7}.Debug|Any CPU.Build.0 = Debug|Any CPU
		{880BA5DB-B618-411C-AC2E-24DA36622AA7}.Release|Any CPU.ActiveCfg = Release|Any CPU
		{880BA5DB-B618-411C-AC2E-24DA36622AA7}.Release|Any CPU.Build.0 = Release|Any CPU
		{0C307E42-C253-447D-B7E1-CDE38992790C}.Debug|Any CPU.ActiveCfg = Debug|Any CPU
		{0C307E42-C253-447D-B7E1-CDE38992790C}.Debug|Any CPU.Build.0 = Debug|Any CPU
		{0C307E42-C253-447D-B7E1-CDE38992790C}.Release|Any CPU.ActiveCfg = Release|Any CPU
		{0C307E42-C253-447D-B7E1-CDE38992790C}.Release|Any CPU.Build.0 = Release|Any CPU
		{DCD4246B-ACA7-4D61-8C16-B32963ECC635}.Debug|Any CPU.ActiveCfg = Debug|Any CPU
		{DCD4246B-ACA7-4D61-8C16-B32963ECC635}.Debug|Any CPU.Build.0 = Debug|Any CPU
		{DCD4246B-ACA7-4D61-8C16-B32963ECC635}.Release|Any CPU.ActiveCfg = Release|Any CPU
		{DCD4246B-ACA7-4D61-8C16-B32963ECC635}.Release|Any CPU.Build.0 = Release|Any CPU
		{130BAC21-2C8A-455C-8709-4E2060062115}.Debug|Any CPU.ActiveCfg = Debug|Any CPU
		{130BAC21-2C8A-455C-8709-4E2060062115}.Debug|Any CPU.Build.0 = Debug|Any CPU
		{130BAC21-2C8A-455C-8709-4E2060062115}.Release|Any CPU.ActiveCfg = Release|Any CPU
		{130BAC21-2C8A-455C-8709-4E2060062115}.Release|Any CPU.Build.0 = Release|Any CPU
		{9F0B1ECC-903C-4D3B-964D-C1B8AFFA1BEE}.Debug|Any CPU.ActiveCfg = Debug|Any CPU
		{9F0B1ECC-903C-4D3B-964D-C1B8AFFA1BEE}.Debug|Any CPU.Build.0 = Debug|Any CPU
		{9F0B1ECC-903C-4D3B-964D-C1B8AFFA1BEE}.Release|Any CPU.ActiveCfg = Release|Any CPU
		{9F0B1ECC-903C-4D3B-964D-C1B8AFFA1BEE}.Release|Any CPU.Build.0 = Release|Any CPU
		{A1B118E3-6C9B-4CE0-ACAC-3F489BA215D0}.Debug|Any CPU.ActiveCfg = Debug|Any CPU
		{A1B118E3-6C9B-4CE0-ACAC-3F489BA215D0}.Debug|Any CPU.Build.0 = Debug|Any CPU
		{A1B118E3-6C9B-4CE0-ACAC-3F489BA215D0}.Release|Any CPU.ActiveCfg = Release|Any CPU
		{A1B118E3-6C9B-4CE0-ACAC-3F489BA215D0}.Release|Any CPU.Build.0 = Release|Any CPU
		{2CF4609F-5F5B-4027-832C-4FA3BE5B986D}.Debug|Any CPU.ActiveCfg = Debug|Any CPU
		{2CF4609F-5F5B-4027-832C-4FA3BE5B986D}.Debug|Any CPU.Build.0 = Debug|Any CPU
		{2CF4609F-5F5B-4027-832C-4FA3BE5B986D}.Release|Any CPU.ActiveCfg = Release|Any CPU
		{2CF4609F-5F5B-4027-832C-4FA3BE5B986D}.Release|Any CPU.Build.0 = Release|Any CPU
		{70F3BE3A-1399-4421-920C-93DCE091226B}.Debug|Any CPU.ActiveCfg = Debug|Any CPU
		{70F3BE3A-1399-4421-920C-93DCE091226B}.Debug|Any CPU.Build.0 = Debug|Any CPU
		{70F3BE3A-1399-4421-920C-93DCE091226B}.Release|Any CPU.ActiveCfg = Release|Any CPU
		{70F3BE3A-1399-4421-920C-93DCE091226B}.Release|Any CPU.Build.0 = Release|Any CPU
		{55996836-871E-4C44-ABA5-F27B607693EB}.Debug|Any CPU.ActiveCfg = Debug|Any CPU
		{55996836-871E-4C44-ABA5-F27B607693EB}.Debug|Any CPU.Build.0 = Debug|Any CPU
		{55996836-871E-4C44-ABA5-F27B607693EB}.Release|Any CPU.ActiveCfg = Release|Any CPU
		{55996836-871E-4C44-ABA5-F27B607693EB}.Release|Any CPU.Build.0 = Release|Any CPU
		{EFA265EE-0C62-46B0-87B1-D024B9463004}.Debug|Any CPU.ActiveCfg = Debug|Any CPU
		{EFA265EE-0C62-46B0-87B1-D024B9463004}.Debug|Any CPU.Build.0 = Debug|Any CPU
		{EFA265EE-0C62-46B0-87B1-D024B9463004}.Release|Any CPU.ActiveCfg = Release|Any CPU
		{EFA265EE-0C62-46B0-87B1-D024B9463004}.Release|Any CPU.Build.0 = Release|Any CPU
	EndGlobalSection
	GlobalSection(SolutionProperties) = preSolution
		HideSolutionNode = FALSE
	EndGlobalSection
	GlobalSection(NestedProjects) = preSolution
		{130BAC21-2C8A-455C-8709-4E2060062115} = {0218FF61-D162-4F0F-9390-10F57A8A98D7}
		{880BA5DB-B618-411C-AC2E-24DA36622AA7} = {0218FF61-D162-4F0F-9390-10F57A8A98D7}
		{DCD4246B-ACA7-4D61-8C16-B32963ECC635} = {AD8F6056-D343-4C95-9222-A1E96121C805}
		{A1B118E3-6C9B-4CE0-ACAC-3F489BA215D0} = {AD8F6056-D343-4C95-9222-A1E96121C805}
		{0C307E42-C253-447D-B7E1-CDE38992790C} = {AD8F6056-D343-4C95-9222-A1E96121C805}
		{9F0B1ECC-903C-4D3B-964D-C1B8AFFA1BEE} = {AD8F6056-D343-4C95-9222-A1E96121C805}
		{2CF4609F-5F5B-4027-832C-4FA3BE5B986D} = {47BEE94C-1686-479D-8455-812EB47F3AF9}
		{70F3BE3A-1399-4421-920C-93DCE091226B} = {47BEE94C-1686-479D-8455-812EB47F3AF9}
		{55996836-871E-4C44-ABA5-F27B607693EB} = {47BEE94C-1686-479D-8455-812EB47F3AF9}
		{EFA265EE-0C62-46B0-87B1-D024B9463004} = {47BEE94C-1686-479D-8455-812EB47F3AF9}
	EndGlobalSection
EndGlobal
